// !$*UTF8*$!
{
	archiveVersion = 1;
	classes = {
	};
	objectVersion = 56;
	objects = {

/* Begin PBXBuildFile section */
		4385381F2BF4CF8900EBA85E /* currentLocation .swift in Sources */ = {isa = PBXBuildFile; fileRef = 4385381E2BF4CF8900EBA85E /* currentLocation .swift */; };
		43A244002BF3B7C50085EAD7 /* DayDetailView.swift in Sources */ = {isa = PBXBuildFile; fileRef = 43A243FF2BF3B7C50085EAD7 /* DayDetailView.swift */; };
		43DBFB722BF16AD10013D6B5 /* Weather_AppApp.swift in Sources */ = {isa = PBXBuildFile; fileRef = 43DBFB712BF16AD10013D6B5 /* Weather_AppApp.swift */; };
		43DBFB742BF16AD10013D6B5 /* ContentView.swift in Sources */ = {isa = PBXBuildFile; fileRef = 43DBFB732BF16AD10013D6B5 /* ContentView.swift */; };
		43DBFB762BF16AD30013D6B5 /* Assets.xcassets in Resources */ = {isa = PBXBuildFile; fileRef = 43DBFB752BF16AD30013D6B5 /* Assets.xcassets */; };
		43DBFB792BF16AD30013D6B5 /* Preview Assets.xcassets in Resources */ = {isa = PBXBuildFile; fileRef = 43DBFB782BF16AD30013D6B5 /* Preview Assets.xcassets */; };
		43DBFB7B2BF16AD30013D6B5 /* Persistence.swift in Sources */ = {isa = PBXBuildFile; fileRef = 43DBFB7A2BF16AD30013D6B5 /* Persistence.swift */; };
		43DBFB7E2BF16AD30013D6B5 /* Weather_App.xcdatamodeld in Sources */ = {isa = PBXBuildFile; fileRef = 43DBFB7C2BF16AD30013D6B5 /* Weather_App.xcdatamodeld */; };
		43DBFB882BF16AD30013D6B5 /* Weather_AppTests.swift in Sources */ = {isa = PBXBuildFile; fileRef = 43DBFB872BF16AD30013D6B5 /* Weather_AppTests.swift */; };
		43DBFB922BF16AD30013D6B5 /* Weather_AppUITests.swift in Sources */ = {isa = PBXBuildFile; fileRef = 43DBFB912BF16AD30013D6B5 /* Weather_AppUITests.swift */; };
		43DBFB942BF16AD30013D6B5 /* Weather_AppUITestsLaunchTests.swift in Sources */ = {isa = PBXBuildFile; fileRef = 43DBFB932BF16AD30013D6B5 /* Weather_AppUITestsLaunchTests.swift */; };
		43DBFBA22BF183F80013D6B5 /* ApiManager.swift in Sources */ = {isa = PBXBuildFile; fileRef = 43DBFBA12BF183F80013D6B5 /* ApiManager.swift */; };
		43DE95602BF2090F003D3B71 /* Response.swift in Sources */ = {isa = PBXBuildFile; fileRef = 43DE955F2BF2090F003D3B71 /* Response.swift */; };
		43E62EF02BF640DD00234BB1 /* HomeViewModel.swift in Sources */ = {isa = PBXBuildFile; fileRef = 43E62EEF2BF640DD00234BB1 /* HomeViewModel.swift */; };
		43E62EF22BF640F300234BB1 /* DayViewModel.swift in Sources */ = {isa = PBXBuildFile; fileRef = 43E62EF12BF640F300234BB1 /* DayViewModel.swift */; };
/* End PBXBuildFile section */

/* Begin PBXContainerItemProxy section */
		43DBFB842BF16AD30013D6B5 /* PBXContainerItemProxy */ = {
			isa = PBXContainerItemProxy;
			containerPortal = 43DBFB662BF16AD10013D6B5 /* Project object */;
			proxyType = 1;
			remoteGlobalIDString = 43DBFB6D2BF16AD10013D6B5;
			remoteInfo = "Weather App";
		};
		43DBFB8E2BF16AD30013D6B5 /* PBXContainerItemProxy */ = {
			isa = PBXContainerItemProxy;
			containerPortal = 43DBFB662BF16AD10013D6B5 /* Project object */;
			proxyType = 1;
			remoteGlobalIDString = 43DBFB6D2BF16AD10013D6B5;
			remoteInfo = "Weather App";
		};
/* End PBXContainerItemProxy section */

/* Begin PBXFileReference section */
		4385381E2BF4CF8900EBA85E /* currentLocation .swift */ = {isa = PBXFileReference; lastKnownFileType = sourcecode.swift; path = "currentLocation .swift"; sourceTree = "<group>"; };
		438538202BF4D04300EBA85E /* Weather-App-Info.plist */ = {isa = PBXFileReference; lastKnownFileType = text.plist; path = "Weather-App-Info.plist"; sourceTree = SOURCE_ROOT; };
		43A243FF2BF3B7C50085EAD7 /* DayDetailView.swift */ = {isa = PBXFileReference; lastKnownFileType = sourcecode.swift; path = DayDetailView.swift; sourceTree = "<group>"; };
		43DBFB6E2BF16AD10013D6B5 /* Weather App.app */ = {isa = PBXFileReference; explicitFileType = wrapper.application; includeInIndex = 0; path = "Weather App.app"; sourceTree = BUILT_PRODUCTS_DIR; };
		43DBFB712BF16AD10013D6B5 /* Weather_AppApp.swift */ = {isa = PBXFileReference; lastKnownFileType = sourcecode.swift; path = Weather_AppApp.swift; sourceTree = "<group>"; };
		43DBFB732BF16AD10013D6B5 /* ContentView.swift */ = {isa = PBXFileReference; lastKnownFileType = sourcecode.swift; path = ContentView.swift; sourceTree = "<group>"; };
		43DBFB752BF16AD30013D6B5 /* Assets.xcassets */ = {isa = PBXFileReference; lastKnownFileType = folder.assetcatalog; path = Assets.xcassets; sourceTree = "<group>"; };
		43DBFB782BF16AD30013D6B5 /* Preview Assets.xcassets */ = {isa = PBXFileReference; lastKnownFileType = folder.assetcatalog; path = "Preview Assets.xcassets"; sourceTree = "<group>"; };
		43DBFB7A2BF16AD30013D6B5 /* Persistence.swift */ = {isa = PBXFileReference; lastKnownFileType = sourcecode.swift; path = Persistence.swift; sourceTree = "<group>"; };
		43DBFB7D2BF16AD30013D6B5 /* Weather_App.xcdatamodel */ = {isa = PBXFileReference; lastKnownFileType = wrapper.xcdatamodel; path = Weather_App.xcdatamodel; sourceTree = "<group>"; };
		43DBFB832BF16AD30013D6B5 /* Weather AppTests.xctest */ = {isa = PBXFileReference; explicitFileType = wrapper.cfbundle; includeInIndex = 0; path = "Weather AppTests.xctest"; sourceTree = BUILT_PRODUCTS_DIR; };
		43DBFB872BF16AD30013D6B5 /* Weather_AppTests.swift */ = {isa = PBXFileReference; lastKnownFileType = sourcecode.swift; path = Weather_AppTests.swift; sourceTree = "<group>"; };
		43DBFB8D2BF16AD30013D6B5 /* Weather AppUITests.xctest */ = {isa = PBXFileReference; explicitFileType = wrapper.cfbundle; includeInIndex = 0; path = "Weather AppUITests.xctest"; sourceTree = BUILT_PRODUCTS_DIR; };
		43DBFB912BF16AD30013D6B5 /* Weather_AppUITests.swift */ = {isa = PBXFileReference; lastKnownFileType = sourcecode.swift; path = Weather_AppUITests.swift; sourceTree = "<group>"; };
		43DBFB932BF16AD30013D6B5 /* Weather_AppUITestsLaunchTests.swift */ = {isa = PBXFileReference; lastKnownFileType = sourcecode.swift; path = Weather_AppUITestsLaunchTests.swift; sourceTree = "<group>"; };
		43DBFBA12BF183F80013D6B5 /* ApiManager.swift */ = {isa = PBXFileReference; lastKnownFileType = sourcecode.swift; path = ApiManager.swift; sourceTree = "<group>"; };
		43DE955F2BF2090F003D3B71 /* Response.swift */ = {isa = PBXFileReference; lastKnownFileType = sourcecode.swift; path = Response.swift; sourceTree = "<group>"; };
		43E62EEF2BF640DD00234BB1 /* HomeViewModel.swift */ = {isa = PBXFileReference; lastKnownFileType = sourcecode.swift; path = HomeViewModel.swift; sourceTree = "<group>"; };
		43E62EF12BF640F300234BB1 /* DayViewModel.swift */ = {isa = PBXFileReference; lastKnownFileType = sourcecode.swift; path = DayViewModel.swift; sourceTree = "<group>"; };
/* End PBXFileReference section */

/* Begin PBXFrameworksBuildPhase section */
		43DBFB6B2BF16AD10013D6B5 /* Frameworks */ = {
			isa = PBXFrameworksBuildPhase;
			buildActionMask = 2147483647;
			files = (
			);
			runOnlyForDeploymentPostprocessing = 0;
		};
		43DBFB802BF16AD30013D6B5 /* Frameworks */ = {
			isa = PBXFrameworksBuildPhase;
			buildActionMask = 2147483647;
			files = (
			);
			runOnlyForDeploymentPostprocessing = 0;
		};
		43DBFB8A2BF16AD30013D6B5 /* Frameworks */ = {
			isa = PBXFrameworksBuildPhase;
			buildActionMask = 2147483647;
			files = (
			);
			runOnlyForDeploymentPostprocessing = 0;
		};
/* End PBXFrameworksBuildPhase section */

/* Begin PBXGroup section */
		43DBFB652BF16AD10013D6B5 = {
			isa = PBXGroup;
			children = (
				43DBFB702BF16AD10013D6B5 /* Weather App */,
				43DBFB862BF16AD30013D6B5 /* Weather AppTests */,
				43DBFB902BF16AD30013D6B5 /* Weather AppUITests */,
				43DBFB6F2BF16AD10013D6B5 /* Products */,
			);
			sourceTree = "<group>";
		};
		43DBFB6F2BF16AD10013D6B5 /* Products */ = {
			isa = PBXGroup;
			children = (
				43DBFB6E2BF16AD10013D6B5 /* Weather App.app */,
				43DBFB832BF16AD30013D6B5 /* Weather AppTests.xctest */,
				43DBFB8D2BF16AD30013D6B5 /* Weather AppUITests.xctest */,
			);
			name = Products;
			sourceTree = "<group>";
		};
		43DBFB702BF16AD10013D6B5 /* Weather App */ = {
			isa = PBXGroup;
			children = (
				438538202BF4D04300EBA85E /* Weather-App-Info.plist */,
				43DBFB732BF16AD10013D6B5 /* ContentView.swift */,
				43DBFB712BF16AD10013D6B5 /* Weather_AppApp.swift */,
				43DBFBA52BF188E50013D6B5 /* model */,
				43DBFBA42BF188C40013D6B5 /* view */,
				43DBFBA32BF188B40013D6B5 /* viewModel */,
				43DBFBA02BF183830013D6B5 /* services */,
				43DBFB752BF16AD30013D6B5 /* Assets.xcassets */,
				43DBFB7A2BF16AD30013D6B5 /* Persistence.swift */,
				43DBFB7C2BF16AD30013D6B5 /* Weather_App.xcdatamodeld */,
				43DBFB772BF16AD30013D6B5 /* Preview Content */,
				43A243FF2BF3B7C50085EAD7 /* DayDetailView.swift */,
				4385381E2BF4CF8900EBA85E /* currentLocation .swift */,
			);
			path = "Weather App";
			sourceTree = "<group>";
		};
		43DBFB772BF16AD30013D6B5 /* Preview Content */ = {
			isa = PBXGroup;
			children = (
				43DBFB782BF16AD30013D6B5 /* Preview Assets.xcassets */,
			);
			path = "Preview Content";
			sourceTree = "<group>";
		};
		43DBFB862BF16AD30013D6B5 /* Weather AppTests */ = {
			isa = PBXGroup;
			children = (
				43DBFB872BF16AD30013D6B5 /* Weather_AppTests.swift */,
			);
			path = "Weather AppTests";
			sourceTree = "<group>";
		};
		43DBFB902BF16AD30013D6B5 /* Weather AppUITests */ = {
			isa = PBXGroup;
			children = (
				43DBFB912BF16AD30013D6B5 /* Weather_AppUITests.swift */,
				43DBFB932BF16AD30013D6B5 /* Weather_AppUITestsLaunchTests.swift */,
			);
			path = "Weather AppUITests";
			sourceTree = "<group>";
		};
		43DBFBA02BF183830013D6B5 /* services */ = {
			isa = PBXGroup;
			children = (
				43DBFBA12BF183F80013D6B5 /* ApiManager.swift */,
			);
			path = services;
			sourceTree = "<group>";
		};
		43DBFBA32BF188B40013D6B5 /* viewModel */ = {
			isa = PBXGroup;
			children = (
				43E62EEF2BF640DD00234BB1 /* HomeViewModel.swift */,
				43E62EF12BF640F300234BB1 /* DayViewModel.swift */,
			);
			path = viewModel;
			sourceTree = "<group>";
		};
		43DBFBA42BF188C40013D6B5 /* view */ = {
			isa = PBXGroup;
			children = (
			);
			path = view;
			sourceTree = "<group>";
		};
		43DBFBA52BF188E50013D6B5 /* model */ = {
			isa = PBXGroup;
			children = (
				43DE955F2BF2090F003D3B71 /* Response.swift */,
			);
			path = model;
			sourceTree = "<group>";
		};
/* End PBXGroup section */

/* Begin PBXNativeTarget section */
		43DBFB6D2BF16AD10013D6B5 /* Weather App */ = {
			isa = PBXNativeTarget;
			buildConfigurationList = 43DBFB972BF16AD30013D6B5 /* Build configuration list for PBXNativeTarget "Weather App" */;
			buildPhases = (
				43DBFB6A2BF16AD10013D6B5 /* Sources */,
				43DBFB6B2BF16AD10013D6B5 /* Frameworks */,
				43DBFB6C2BF16AD10013D6B5 /* Resources */,
			);
			buildRules = (
			);
			dependencies = (
			);
			name = "Weather App";
			productName = "Weather App";
			productReference = 43DBFB6E2BF16AD10013D6B5 /* Weather App.app */;
			productType = "com.apple.product-type.application";
		};
		43DBFB822BF16AD30013D6B5 /* Weather AppTests */ = {
			isa = PBXNativeTarget;
			buildConfigurationList = 43DBFB9A2BF16AD30013D6B5 /* Build configuration list for PBXNativeTarget "Weather AppTests" */;
			buildPhases = (
				43DBFB7F2BF16AD30013D6B5 /* Sources */,
				43DBFB802BF16AD30013D6B5 /* Frameworks */,
				43DBFB812BF16AD30013D6B5 /* Resources */,
			);
			buildRules = (
			);
			dependencies = (
				43DBFB852BF16AD30013D6B5 /* PBXTargetDependency */,
			);
			name = "Weather AppTests";
			productName = "Weather AppTests";
			productReference = 43DBFB832BF16AD30013D6B5 /* Weather AppTests.xctest */;
			productType = "com.apple.product-type.bundle.unit-test";
		};
		43DBFB8C2BF16AD30013D6B5 /* Weather AppUITests */ = {
			isa = PBXNativeTarget;
			buildConfigurationList = 43DBFB9D2BF16AD30013D6B5 /* Build configuration list for PBXNativeTarget "Weather AppUITests" */;
			buildPhases = (
				43DBFB892BF16AD30013D6B5 /* Sources */,
				43DBFB8A2BF16AD30013D6B5 /* Frameworks */,
				43DBFB8B2BF16AD30013D6B5 /* Resources */,
			);
			buildRules = (
			);
			dependencies = (
				43DBFB8F2BF16AD30013D6B5 /* PBXTargetDependency */,
			);
			name = "Weather AppUITests";
			productName = "Weather AppUITests";
			productReference = 43DBFB8D2BF16AD30013D6B5 /* Weather AppUITests.xctest */;
			productType = "com.apple.product-type.bundle.ui-testing";
		};
/* End PBXNativeTarget section */

/* Begin PBXProject section */
		43DBFB662BF16AD10013D6B5 /* Project object */ = {
			isa = PBXProject;
			attributes = {
				BuildIndependentTargetsInParallel = 1;
				LastSwiftUpdateCheck = 1420;
				LastUpgradeCheck = 1420;
				TargetAttributes = {
					43DBFB6D2BF16AD10013D6B5 = {
						CreatedOnToolsVersion = 14.2;
					};
					43DBFB822BF16AD30013D6B5 = {
						CreatedOnToolsVersion = 14.2;
						TestTargetID = 43DBFB6D2BF16AD10013D6B5;
					};
					43DBFB8C2BF16AD30013D6B5 = {
						CreatedOnToolsVersion = 14.2;
						TestTargetID = 43DBFB6D2BF16AD10013D6B5;
					};
				};
			};
			buildConfigurationList = 43DBFB692BF16AD10013D6B5 /* Build configuration list for PBXProject "Weather App" */;
			compatibilityVersion = "Xcode 14.0";
			developmentRegion = en;
			hasScannedForEncodings = 0;
			knownRegions = (
				en,
				Base,
			);
			mainGroup = 43DBFB652BF16AD10013D6B5;
			productRefGroup = 43DBFB6F2BF16AD10013D6B5 /* Products */;
			projectDirPath = "";
			projectRoot = "";
			targets = (
				43DBFB6D2BF16AD10013D6B5 /* Weather App */,
				43DBFB822BF16AD30013D6B5 /* Weather AppTests */,
				43DBFB8C2BF16AD30013D6B5 /* Weather AppUITests */,
			);
		};
/* End PBXProject section */

/* Begin PBXResourcesBuildPhase section */
		43DBFB6C2BF16AD10013D6B5 /* Resources */ = {
			isa = PBXResourcesBuildPhase;
			buildActionMask = 2147483647;
			files = (
				43DBFB792BF16AD30013D6B5 /* Preview Assets.xcassets in Resources */,
				43DBFB762BF16AD30013D6B5 /* Assets.xcassets in Resources */,
			);
			runOnlyForDeploymentPostprocessing = 0;
		};
		43DBFB812BF16AD30013D6B5 /* Resources */ = {
			isa = PBXResourcesBuildPhase;
			buildActionMask = 2147483647;
			files = (
			);
			runOnlyForDeploymentPostprocessing = 0;
		};
		43DBFB8B2BF16AD30013D6B5 /* Resources */ = {
			isa = PBXResourcesBuildPhase;
			buildActionMask = 2147483647;
			files = (
			);
			runOnlyForDeploymentPostprocessing = 0;
		};
/* End PBXResourcesBuildPhase section */

/* Begin PBXSourcesBuildPhase section */
		43DBFB6A2BF16AD10013D6B5 /* Sources */ = {
			isa = PBXSourcesBuildPhase;
			buildActionMask = 2147483647;
			files = (
				43DBFB7E2BF16AD30013D6B5 /* Weather_App.xcdatamodeld in Sources */,
				43E62EF02BF640DD00234BB1 /* HomeViewModel.swift in Sources */,
				43DBFB7B2BF16AD30013D6B5 /* Persistence.swift in Sources */,
				43DBFBA22BF183F80013D6B5 /* ApiManager.swift in Sources */,
				43DBFB742BF16AD10013D6B5 /* ContentView.swift in Sources */,
				43DE95602BF2090F003D3B71 /* Response.swift in Sources */,
				4385381F2BF4CF8900EBA85E /* currentLocation .swift in Sources */,
				43E62EF22BF640F300234BB1 /* DayViewModel.swift in Sources */,
				43DBFB722BF16AD10013D6B5 /* Weather_AppApp.swift in Sources */,
				43A244002BF3B7C50085EAD7 /* DayDetailView.swift in Sources */,
			);
			runOnlyForDeploymentPostprocessing = 0;
		};
		43DBFB7F2BF16AD30013D6B5 /* Sources */ = {
			isa = PBXSourcesBuildPhase;
			buildActionMask = 2147483647;
			files = (
				43DBFB882BF16AD30013D6B5 /* Weather_AppTests.swift in Sources */,
			);
			runOnlyForDeploymentPostprocessing = 0;
		};
		43DBFB892BF16AD30013D6B5 /* Sources */ = {
			isa = PBXSourcesBuildPhase;
			buildActionMask = 2147483647;
			files = (
				43DBFB922BF16AD30013D6B5 /* Weather_AppUITests.swift in Sources */,
				43DBFB942BF16AD30013D6B5 /* Weather_AppUITestsLaunchTests.swift in Sources */,
			);
			runOnlyForDeploymentPostprocessing = 0;
		};
/* End PBXSourcesBuildPhase section */

/* Begin PBXTargetDependency section */
		43DBFB852BF16AD30013D6B5 /* PBXTargetDependency */ = {
			isa = PBXTargetDependency;
			target = 43DBFB6D2BF16AD10013D6B5 /* Weather App */;
			targetProxy = 43DBFB842BF16AD30013D6B5 /* PBXContainerItemProxy */;
		};
		43DBFB8F2BF16AD30013D6B5 /* PBXTargetDependency */ = {
			isa = PBXTargetDependency;
			target = 43DBFB6D2BF16AD10013D6B5 /* Weather App */;
			targetProxy = 43DBFB8E2BF16AD30013D6B5 /* PBXContainerItemProxy */;
		};
/* End PBXTargetDependency section */

/* Begin XCBuildConfiguration section */
		43DBFB952BF16AD30013D6B5 /* Debug */ = {
			isa = XCBuildConfiguration;
			buildSettings = {
				ALWAYS_SEARCH_USER_PATHS = NO;
				CLANG_ANALYZER_NONNULL = YES;
				CLANG_ANALYZER_NUMBER_OBJECT_CONVERSION = YES_AGGRESSIVE;
				CLANG_CXX_LANGUAGE_STANDARD = "gnu++20";
				CLANG_ENABLE_MODULES = YES;
				CLANG_ENABLE_OBJC_ARC = YES;
				CLANG_ENABLE_OBJC_WEAK = YES;
				CLANG_WARN_BLOCK_CAPTURE_AUTORELEASING = YES;
				CLANG_WARN_BOOL_CONVERSION = YES;
				CLANG_WARN_COMMA = YES;
				CLANG_WARN_CONSTANT_CONVERSION = YES;
				CLANG_WARN_DEPRECATED_OBJC_IMPLEMENTATIONS = YES;
				CLANG_WARN_DIRECT_OBJC_ISA_USAGE = YES_ERROR;
				CLANG_WARN_DOCUMENTATION_COMMENTS = YES;
				CLANG_WARN_EMPTY_BODY = YES;
				CLANG_WARN_ENUM_CONVERSION = YES;
				CLANG_WARN_INFINITE_RECURSION = YES;
				CLANG_WARN_INT_CONVERSION = YES;
				CLANG_WARN_NON_LITERAL_NULL_CONVERSION = YES;
				CLANG_WARN_OBJC_IMPLICIT_RETAIN_SELF = YES;
				CLANG_WARN_OBJC_LITERAL_CONVERSION = YES;
				CLANG_WARN_OBJC_ROOT_CLASS = YES_ERROR;
				CLANG_WARN_QUOTED_INCLUDE_IN_FRAMEWORK_HEADER = YES;
				CLANG_WARN_RANGE_LOOP_ANALYSIS = YES;
				CLANG_WARN_STRICT_PROTOTYPES = YES;
				CLANG_WARN_SUSPICIOUS_MOVE = YES;
				CLANG_WARN_UNGUARDED_AVAILABILITY = YES_AGGRESSIVE;
				CLANG_WARN_UNREACHABLE_CODE = YES;
				CLANG_WARN__DUPLICATE_METHOD_MATCH = YES;
				COPY_PHASE_STRIP = NO;
				DEBUG_INFORMATION_FORMAT = dwarf;
				ENABLE_STRICT_OBJC_MSGSEND = YES;
				ENABLE_TESTABILITY = YES;
				GCC_C_LANGUAGE_STANDARD = gnu11;
				GCC_DYNAMIC_NO_PIC = NO;
				GCC_NO_COMMON_BLOCKS = YES;
				GCC_OPTIMIZATION_LEVEL = 0;
				GCC_PREPROCESSOR_DEFINITIONS = (
					"DEBUG=1",
					"$(inherited)",
				);
				GCC_WARN_64_TO_32_BIT_CONVERSION = YES;
				GCC_WARN_ABOUT_RETURN_TYPE = YES_ERROR;
				GCC_WARN_UNDECLARED_SELECTOR = YES;
				GCC_WARN_UNINITIALIZED_AUTOS = YES_AGGRESSIVE;
				GCC_WARN_UNUSED_FUNCTION = YES;
				GCC_WARN_UNUSED_VARIABLE = YES;
				IPHONEOS_DEPLOYMENT_TARGET = 16.2;
				MTL_ENABLE_DEBUG_INFO = INCLUDE_SOURCE;
				MTL_FAST_MATH = YES;
				ONLY_ACTIVE_ARCH = YES;
				SDKROOT = iphoneos;
				SWIFT_ACTIVE_COMPILATION_CONDITIONS = DEBUG;
				SWIFT_OPTIMIZATION_LEVEL = "-Onone";
			};
			name = Debug;
		};
		43DBFB962BF16AD30013D6B5 /* Release */ = {
			isa = XCBuildConfiguration;
			buildSettings = {
				ALWAYS_SEARCH_USER_PATHS = NO;
				CLANG_ANALYZER_NONNULL = YES;
				CLANG_ANALYZER_NUMBER_OBJECT_CONVERSION = YES_AGGRESSIVE;
				CLANG_CXX_LANGUAGE_STANDARD = "gnu++20";
				CLANG_ENABLE_MODULES = YES;
				CLANG_ENABLE_OBJC_ARC = YES;
				CLANG_ENABLE_OBJC_WEAK = YES;
				CLANG_WARN_BLOCK_CAPTURE_AUTORELEASING = YES;
				CLANG_WARN_BOOL_CONVERSION = YES;
				CLANG_WARN_COMMA = YES;
				CLANG_WARN_CONSTANT_CONVERSION = YES;
				CLANG_WARN_DEPRECATED_OBJC_IMPLEMENTATIONS = YES;
				CLANG_WARN_DIRECT_OBJC_ISA_USAGE = YES_ERROR;
				CLANG_WARN_DOCUMENTATION_COMMENTS = YES;
				CLANG_WARN_EMPTY_BODY = YES;
				CLANG_WARN_ENUM_CONVERSION = YES;
				CLANG_WARN_INFINITE_RECURSION = YES;
				CLANG_WARN_INT_CONVERSION = YES;
				CLANG_WARN_NON_LITERAL_NULL_CONVERSION = YES;
				CLANG_WARN_OBJC_IMPLICIT_RETAIN_SELF = YES;
				CLANG_WARN_OBJC_LITERAL_CONVERSION = YES;
				CLANG_WARN_OBJC_ROOT_CLASS = YES_ERROR;
				CLANG_WARN_QUOTED_INCLUDE_IN_FRAMEWORK_HEADER = YES;
				CLANG_WARN_RANGE_LOOP_ANALYSIS = YES;
				CLANG_WARN_STRICT_PROTOTYPES = YES;
				CLANG_WARN_SUSPICIOUS_MOVE = YES;
				CLANG_WARN_UNGUARDED_AVAILABILITY = YES_AGGRESSIVE;
				CLANG_WARN_UNREACHABLE_CODE = YES;
				CLANG_WARN__DUPLICATE_METHOD_MATCH = YES;
				COPY_PHASE_STRIP = NO;
				DEBUG_INFORMATION_FORMAT = "dwarf-with-dsym";
				ENABLE_NS_ASSERTIONS = NO;
				ENABLE_STRICT_OBJC_MSGSEND = YES;
				GCC_C_LANGUAGE_STANDARD = gnu11;
				GCC_NO_COMMON_BLOCKS = YES;
				GCC_WARN_64_TO_32_BIT_CONVERSION = YES;
				GCC_WARN_ABOUT_RETURN_TYPE = YES_ERROR;
				GCC_WARN_UNDECLARED_SELECTOR = YES;
				GCC_WARN_UNINITIALIZED_AUTOS = YES_AGGRESSIVE;
				GCC_WARN_UNUSED_FUNCTION = YES;
				GCC_WARN_UNUSED_VARIABLE = YES;
				IPHONEOS_DEPLOYMENT_TARGET = 16.2;
				MTL_ENABLE_DEBUG_INFO = NO;
				MTL_FAST_MATH = YES;
				SDKROOT = iphoneos;
				SWIFT_COMPILATION_MODE = wholemodule;
				SWIFT_OPTIMIZATION_LEVEL = "-O";
				VALIDATE_PRODUCT = YES;
			};
			name = Release;
		};
		43DBFB982BF16AD30013D6B5 /* Debug */ = {
			isa = XCBuildConfiguration;
			buildSettings = {
				ASSETCATALOG_COMPILER_APPICON_NAME = AppIcon;
				ASSETCATALOG_COMPILER_GLOBAL_ACCENT_COLOR_NAME = AccentColor;
				CODE_SIGN_STYLE = Automatic;
				CURRENT_PROJECT_VERSION = 1;
				DEVELOPMENT_ASSET_PATHS = "\"Weather App/Preview Content\"";
				ENABLE_PREVIEWS = YES;
				GENERATE_INFOPLIST_FILE = YES;
				INFOPLIST_FILE = "Weather-App-Info.plist";
				INFOPLIST_KEY_CFBundleDisplayName = "";
				INFOPLIST_KEY_LSApplicationCategoryType = "";
				INFOPLIST_KEY_NSLocationAlwaysAndWhenInUseUsageDescription = "";
				INFOPLIST_KEY_NSLocationWhenInUseUsageDescription = "";
				INFOPLIST_KEY_UIApplicationSceneManifest_Generation = YES;
				INFOPLIST_KEY_UIApplicationSupportsIndirectInputEvents = YES;
				INFOPLIST_KEY_UILaunchScreen_Generation = YES;
				INFOPLIST_KEY_UISupportedInterfaceOrientations_iPad = "UIInterfaceOrientationPortrait UIInterfaceOrientationPortraitUpsideDown UIInterfaceOrientationLandscapeLeft UIInterfaceOrientationLandscapeRight";
				INFOPLIST_KEY_UISupportedInterfaceOrientations_iPhone = "UIInterfaceOrientationPortrait UIInterfaceOrientationLandscapeLeft UIInterfaceOrientationLandscapeRight";
				LD_RUNPATH_SEARCH_PATHS = (
					"$(inherited)",
					"@executable_path/Frameworks",
				);
				MARKETING_VERSION = 1.0;
				PRODUCT_BUNDLE_IDENTIFIER = "iti.Weather-App";
				PRODUCT_NAME = "$(TARGET_NAME)";
				SWIFT_EMIT_LOC_STRINGS = YES;
				SWIFT_VERSION = 5.0;
				TARGETED_DEVICE_FAMILY = "1,2";
			};
			name = Debug;
		};
		43DBFB992BF16AD30013D6B5 /* Release */ = {
			isa = XCBuildConfiguration;
			buildSettings = {
				ASSETCATALOG_COMPILER_APPICON_NAME = AppIcon;
				ASSETCATALOG_COMPILER_GLOBAL_ACCENT_COLOR_NAME = AccentColor;
				CODE_SIGN_STYLE = Automatic;
				CURRENT_PROJECT_VERSION = 1;
				DEVELOPMENT_ASSET_PATHS = "\"Weather App/Preview Content\"";
				ENABLE_PREVIEWS = YES;
				GENERATE_INFOPLIST_FILE = YES;
				INFOPLIST_FILE = "Weather-App-Info.plist";
				INFOPLIST_KEY_CFBundleDisplayName = "";
				INFOPLIST_KEY_LSApplicationCategoryType = "";
				INFOPLIST_KEY_NSLocationAlwaysAndWhenInUseUsageDescription = "";
				INFOPLIST_KEY_NSLocationWhenInUseUsageDescription = "";
				INFOPLIST_KEY_UIApplicationSceneManifest_Generation = YES;
				INFOPLIST_KEY_UIApplicationSupportsIndirectInputEvents = YES;
				INFOPLIST_KEY_UILaunchScreen_Generation = YES;
				INFOPLIST_KEY_UISupportedInterfaceOrientations_iPad = "UIInterfaceOrientationPortrait UIInterfaceOrientationPortraitUpsideDown UIInterfaceOrientationLandscapeLeft UIInterfaceOrientationLandscapeRight";
				INFOPLIST_KEY_UISupportedInterfaceOrientations_iPhone = "UIInterfaceOrientationPortrait UIInterfaceOrientationLandscapeLeft UIInterfaceOrientationLandscapeRight";
				LD_RUNPATH_SEARCH_PATHS = (
					"$(inherited)",
					"@executable_path/Frameworks",
				);
				MARKETING_VERSION = 1.0;
				PRODUCT_BUNDLE_IDENTIFIER = "iti.Weather-App";
				PRODUCT_NAME = "$(TARGET_NAME)";
				SWIFT_EMIT_LOC_STRINGS = YES;
				SWIFT_VERSION = 5.0;
				TARGETED_DEVICE_FAMILY = "1,2";
			};
			name = Release;
		};
		43DBFB9B2BF16AD30013D6B5 /* Debug */ = {
			isa = XCBuildConfiguration;
			buildSettings = {
				ALWAYS_EMBED_SWIFT_STANDARD_LIBRARIES = YES;
				BUNDLE_LOADER = "$(TEST_HOST)";
				CODE_SIGN_STYLE = Automatic;
				CURRENT_PROJECT_VERSION = 1;
				GENERATE_INFOPLIST_FILE = YES;
				IPHONEOS_DEPLOYMENT_TARGET = 16.2;
				MARKETING_VERSION = 1.0;
				PRODUCT_BUNDLE_IDENTIFIER = "iti.Weather-AppTests";
				PRODUCT_NAME = "$(TARGET_NAME)";
				SWIFT_EMIT_LOC_STRINGS = NO;
				SWIFT_VERSION = 5.0;
				TARGETED_DEVICE_FAMILY = "1,2";
				TEST_HOST = "$(BUILT_PRODUCTS_DIR)/Weather App.app/$(BUNDLE_EXECUTABLE_FOLDER_PATH)/Weather App";
			};
			name = Debug;
		};
		43DBFB9C2BF16AD30013D6B5 /* Release */ = {
			isa = XCBuildConfiguration;
			buildSettings = {
				ALWAYS_EMBED_SWIFT_STANDARD_LIBRARIES = YES;
				BUNDLE_LOADER = "$(TEST_HOST)";
				CODE_SIGN_STYLE = Automatic;
				CURRENT_PROJECT_VERSION = 1;
				GENERATE_INFOPLIST_FILE = YES;
				IPHONEOS_DEPLOYMENT_TARGET = 16.2;
				MARKETING_VERSION = 1.0;
				PRODUCT_BUNDLE_IDENTIFIER = "iti.Weather-AppTests";
				PRODUCT_NAME = "$(TARGET_NAME)";
				SWIFT_EMIT_LOC_STRINGS = NO;
				SWIFT_VERSION = 5.0;
				TARGETED_DEVICE_FAMILY = "1,2";
				TEST_HOST = "$(BUILT_PRODUCTS_DIR)/Weather App.app/$(BUNDLE_EXECUTABLE_FOLDER_PATH)/Weather App";
			};
			name = Release;
		};
		43DBFB9E2BF16AD30013D6B5 /* Debug */ = {
			isa = XCBuildConfiguration;
			buildSettings = {
				ALWAYS_EMBED_SWIFT_STANDARD_LIBRARIES = YES;
				CODE_SIGN_STYLE = Automatic;
				CURRENT_PROJECT_VERSION = 1;
				GENERATE_INFOPLIST_FILE = YES;
				MARKETING_VERSION = 1.0;
				PRODUCT_BUNDLE_IDENTIFIER = "iti.Weather-AppUITests";
				PRODUCT_NAME = "$(TARGET_NAME)";
				SWIFT_EMIT_LOC_STRINGS = NO;
				SWIFT_VERSION = 5.0;
				TARGETED_DEVICE_FAMILY = "1,2";
				TEST_TARGET_NAME = "Weather App";
			};
			name = Debug;
		};
		43DBFB9F2BF16AD30013D6B5 /* Release */ = {
			isa = XCBuildConfiguration;
			buildSettings = {
				ALWAYS_EMBED_SWIFT_STANDARD_LIBRARIES = YES;
				CODE_SIGN_STYLE = Automatic;
				CURRENT_PROJECT_VERSION = 1;
				GENERATE_INFOPLIST_FILE = YES;
				MARKETING_VERSION = 1.0;
				PRODUCT_BUNDLE_IDENTIFIER = "iti.Weather-AppUITests";
				PRODUCT_NAME = "$(TARGET_NAME)";
				SWIFT_EMIT_LOC_STRINGS = NO;
				SWIFT_VERSION = 5.0;
				TARGETED_DEVICE_FAMILY = "1,2";
				TEST_TARGET_NAME = "Weather App";
			};
			name = Release;
		};
/* End XCBuildConfiguration section */

/* Begin XCConfigurationList section */
		43DBFB692BF16AD10013D6B5 /* Build configuration list for PBXProject "Weather App" */ = {
			isa = XCConfigurationList;
			buildConfigurations = (
				43DBFB952BF16AD30013D6B5 /* Debug */,
				43DBFB962BF16AD30013D6B5 /* Release */,
			);
			defaultConfigurationIsVisible = 0;
			defaultConfigurationName = Release;
		};
		43DBFB972BF16AD30013D6B5 /* Build configuration list for PBXNativeTarget "Weather App" */ = {
			isa = XCConfigurationList;
			buildConfigurations = (
				43DBFB982BF16AD30013D6B5 /* Debug */,
				43DBFB992BF16AD30013D6B5 /* Release */,
			);
			defaultConfigurationIsVisible = 0;
			defaultConfigurationName = Release;
		};
		43DBFB9A2BF16AD30013D6B5 /* Build configuration list for PBXNativeTarget "Weather AppTests" */ = {
			isa = XCConfigurationList;
			buildConfigurations = (
				43DBFB9B2BF16AD30013D6B5 /* Debug */,
				43DBFB9C2BF16AD30013D6B5 /* Release */,
			);
			defaultConfigurationIsVisible = 0;
			defaultConfigurationName = Release;
		};
		43DBFB9D2BF16AD30013D6B5 /* Build configuration list for PBXNativeTarget "Weather AppUITests" */ = {
			isa = XCConfigurationList;
			buildConfigurations = (
				43DBFB9E2BF16AD30013D6B5 /* Debug */,
				43DBFB9F2BF16AD30013D6B5 /* Release */,
			);
			defaultConfigurationIsVisible = 0;
			defaultConfigurationName = Release;
		};
/* End XCConfigurationList section */

/* Begin XCVersionGroup section */
		43DBFB7C2BF16AD30013D6B5 /* Weather_App.xcdatamodeld */ = {
			isa = XCVersionGroup;
			children = (
				43DBFB7D2BF16AD30013D6B5 /* Weather_App.xcdatamodel */,
			);
			currentVersion = 43DBFB7D2BF16AD30013D6B5 /* Weather_App.xcdatamodel */;
			path = Weather_App.xcdatamodeld;
			sourceTree = "<group>";
			versionGroupType = wrapper.xcdatamodel;
		};
/* End XCVersionGroup section */
	};
	rootObject = 43DBFB662BF16AD10013D6B5 /* Project object */;
}
